# THIS IS AN AUTOGENERATED FILE. DO NOT EDIT THIS FILE DIRECTLY.
# yarn lockfile v1


"@types/mixpanel-browser@^2.38.1":
  version "2.38.1"
  resolved "https://registry.yarnpkg.com/@types/mixpanel-browser/-/mixpanel-browser-2.38.1.tgz#914cc726194cc0358129b6d84657f078e47f7697"
  integrity sha512-XzQbwgiOPsFXUQnjz3vSwcwrvJDbQ35bCiwa/1VXGrHvU1ti9+eqO1GY91DShzkEzKkkEEkxfNshS5dbBZqd7w==

mixpanel-browser@^2.47.0:
  version "2.47.0"
  resolved "https://registry.yarnpkg.com/mixpanel-browser/-/mixpanel-browser-2.47.0.tgz#4e7fd3bb660c6f63443efbd169d1cd327db71ed4"
  integrity sha512-Ldrva0fRBEIFWmEibBQO1PulfpJVF3pf28Guk09lDirDaSQqqU/xs9zQLwN2rL5VwVtsP1aD3JaCgaa98EjojQ==
